Microsoft Visual Studio Solution File, Format Version 11.00
# Visual Studio 2008

Project("{C5FE0408-555D-BF39-2918-C6F77A4D01B2}") = "movimiento", "Assembly-CSharp.csproj", "{2325E1CF-9641-B31B-EA50-C7E662E545A0}"
EndProject
Global
	GlobalSection(SolutionConfigurationPlatforms) = preSolution
		Debug|Any CPU = Debug|Any CPU
		Release|Any CPU = Release|Any CPU
	EndGlobalSection
	GlobalSection(ProjectConfigurationPlatforms) = postSolution
		{2325E1CF-9641-B31B-EA50-C7E662E545A0}.Debug|Any CPU.ActiveCfg = Debug|Any CPU
		{2325E1CF-9641-B31B-EA50-C7E662E545A0}.Debug|Any CPU.Build.0 = Debug|Any CPU
		{2325E1CF-9641-B31B-EA50-C7E662E545A0}.Release|Any CPU.ActiveCfg = Release|Any CPU
		{2325E1CF-9641-B31B-EA50-C7E662E545A0}.Release|Any CPU.Build.0 = Release|Any CPU
	EndGlobalSection
	GlobalSection(SolutionProperties) = preSolution
		HideSolutionNode = FALSE
	EndGlobalSection
	GlobalSection(MonoDevelopProperties) = preSolution
		StartupItem = Assembly-CSharp.csproj
	EndGlobalSection
EndGlobal
