
Microsoft Visual Studio Solution File, Format Version 11.00
# Visual Studio 2010
Project("{FAE04EC0-301F-11D3-BF4B-00C04F79EFBC}") = "PrototypePhase_LookAt_v1_0", "Assembly-CSharp.csproj", "{B7BE898C-DAA0-EBFD-BCCE-8628EDE6B027}"
EndProject
Project("{FAE04EC0-301F-11D3-BF4B-00C04F79EFBC}") = "PrototypePhase_LookAt_v1_0", "Assembly-CSharp-Editor.csproj", "{B247C0C8-F253-7E0C-A56B-AAF8FCCB15EB}"
EndProject
Global
	GlobalSection(SolutionConfigurationPlatforms) = preSolution
		Debug|Any CPU = Debug|Any CPU
		Release|Any CPU = Release|Any CPU
	EndGlobalSection
	GlobalSection(ProjectConfigurationPlatforms) = postSolution
		{B7BE898C-DAA0-EBFD-BCCE-8628EDE6B027}.Debug|Any CPU.ActiveCfg = Debug|Any CPU
		{B7BE898C-DAA0-EBFD-BCCE-8628EDE6B027}.Debug|Any CPU.Build.0 = Debug|Any CPU
		{B7BE898C-DAA0-EBFD-BCCE-8628EDE6B027}.Release|Any CPU.ActiveCfg = Release|Any CPU
		{B7BE898C-DAA0-EBFD-BCCE-8628EDE6B027}.Release|Any CPU.Build.0 = Release|Any CPU
		{B247C0C8-F253-7E0C-A56B-AAF8FCCB15EB}.Debug|Any CPU.ActiveCfg = Debug|Any CPU
		{B247C0C8-F253-7E0C-A56B-AAF8FCCB15EB}.Debug|Any CPU.Build.0 = Debug|Any CPU
		{B247C0C8-F253-7E0C-A56B-AAF8FCCB15EB}.Release|Any CPU.ActiveCfg = Release|Any CPU
		{B247C0C8-F253-7E0C-A56B-AAF8FCCB15EB}.Release|Any CPU.Build.0 = Release|Any CPU
	EndGlobalSection
	GlobalSection(SolutionProperties) = preSolution
		HideSolutionNode = FALSE
	EndGlobalSection
	GlobalSection(MonoDevelopProperties) = preSolution
		StartupItem = Assembly-CSharp.csproj
	EndGlobalSection
EndGlobal
